
Microsoft Visual Studio Solution File, Format Version 12.00
# Visual Studio 15
VisualStudioVersion = 15.0.28010.2036
MinimumVisualStudioVersion = 10.0.40219.1
Project("{FAE04EC0-301F-11D3-BF4B-00C04F79EFBC}") = "AOC2020Day4", "AOC2020Day4\AOC2020Day4.csproj", "{B457F1B4-9086-47A5-93AD-9FCCAF0BAFF7}"
EndProject
Global
	GlobalSection(SolutionConfigurationPlatforms) = preSolution
		Debug|Any CPU = Debug|Any CPU
		Release|Any CPU = Release|Any CPU
	EndGlobalSection
	GlobalSection(ProjectConfigurationPlatforms) = postSolution
		{B457F1B4-9086-47A5-93AD-9FCCAF0BAFF7}.Debug|Any CPU.ActiveCfg = Debug|Any CPU
		{B457F1B4-9086-47A5-93AD-9FCCAF0BAFF7}.Debug|Any CPU.Build.0 = Debug|Any CPU
		{B457F1B4-9086-47A5-93AD-9FCCAF0BAFF7}.Release|Any CPU.ActiveCfg = Release|Any CPU
		{B457F1B4-9086-47A5-93AD-9FCCAF0BAFF7}.Release|Any CPU.Build.0 = Release|Any CPU
	EndGlobalSection
	GlobalSection(SolutionProperties) = preSolution
		HideSolutionNode = FALSE
	EndGlobalSection
	GlobalSection(ExtensibilityGlobals) = postSolution
		SolutionGuid = {A094F352-6D4B-45FF-AAAD-79EDC7B515AE}
	EndGlobalSection
EndGlobal
