
Microsoft Visual Studio Solution File, Format Version 12.00
# Visual Studio 15
VisualStudioVersion = 15.0.28010.2036
MinimumVisualStudioVersion = 10.0.40219.1
Project("{FAE04EC0-301F-11D3-BF4B-00C04F79EFBC}") = "AOC2020Day8", "AOC2020Day8\AOC2020Day8.csproj", "{B0B6E9DF-4EF8-4B2B-909F-714B4D4F4185}"
EndProject
Global
	GlobalSection(SolutionConfigurationPlatforms) = preSolution
		Debug|Any CPU = Debug|Any CPU
		Release|Any CPU = Release|Any CPU
	EndGlobalSection
	GlobalSection(ProjectConfigurationPlatforms) = postSolution
		{B0B6E9DF-4EF8-4B2B-909F-714B4D4F4185}.Debug|Any CPU.ActiveCfg = Debug|Any CPU
		{B0B6E9DF-4EF8-4B2B-909F-714B4D4F4185}.Debug|Any CPU.Build.0 = Debug|Any CPU
		{B0B6E9DF-4EF8-4B2B-909F-714B4D4F4185}.Release|Any CPU.ActiveCfg = Release|Any CPU
		{B0B6E9DF-4EF8-4B2B-909F-714B4D4F4185}.Release|Any CPU.Build.0 = Release|Any CPU
	EndGlobalSection
	GlobalSection(SolutionProperties) = preSolution
		HideSolutionNode = FALSE
	EndGlobalSection
	GlobalSection(ExtensibilityGlobals) = postSolution
		SolutionGuid = {A6670EEE-F971-4C93-9074-B8192947F3B9}
	EndGlobalSection
EndGlobal
