
Microsoft Visual Studio Solution File, Format Version 12.00
# Visual Studio 15
VisualStudioVersion = 15.0.28010.2036
MinimumVisualStudioVersion = 10.0.40219.1
Project("{FAE04EC0-301F-11D3-BF4B-00C04F79EFBC}") = "AOC2020Day11", "AOC2020Day11\AOC2020Day11.csproj", "{88B33BD3-293F-4842-9458-2D59CF73EFCE}"
EndProject
Global
	GlobalSection(SolutionConfigurationPlatforms) = preSolution
		Debug|Any CPU = Debug|Any CPU
		Release|Any CPU = Release|Any CPU
	EndGlobalSection
	GlobalSection(ProjectConfigurationPlatforms) = postSolution
		{88B33BD3-293F-4842-9458-2D59CF73EFCE}.Debug|Any CPU.ActiveCfg = Debug|Any CPU
		{88B33BD3-293F-4842-9458-2D59CF73EFCE}.Debug|Any CPU.Build.0 = Debug|Any CPU
		{88B33BD3-293F-4842-9458-2D59CF73EFCE}.Release|Any CPU.ActiveCfg = Release|Any CPU
		{88B33BD3-293F-4842-9458-2D59CF73EFCE}.Release|Any CPU.Build.0 = Release|Any CPU
	EndGlobalSection
	GlobalSection(SolutionProperties) = preSolution
		HideSolutionNode = FALSE
	EndGlobalSection
	GlobalSection(ExtensibilityGlobals) = postSolution
		SolutionGuid = {4297F431-CC27-4E66-B033-6042C49DCE31}
	EndGlobalSection
EndGlobal
